PODS:
  - AFNetworking (1.3.2)
  - ARChromeActivity (1.0.1)
  - Base64 (1.0.1)
  - CSApi (0.1.2):
    - AFNetworking (= 1.3.2)
    - Base64
    - HyperBek
    - ISO8601DateFormatter
    - NSArray+Functional
    - SBJson
  - CSURITemplate (0.1.1)
  - HyperBek (0.3.0):
    - CSURITemplate (~> 0.1.1)
  - ISO8601DateFormatter (0.7)
  - MBCategory (0.0.1)
  - NSArray+Functional (1.0.0)
  - OCMock (HEAD based on 2.2.1)
  - PBWebViewController (0.0.1)
  - SBJson (3.2)
  - SDWebImage (3.4):
    - SDWebImage/Core
  - SDWebImage/Core (3.4)
  - TUSafariActivity (1.0.0)

DEPENDENCIES:
  - ARChromeActivity
  - CSApi (from `https://github.com/cogenta/CSApi.git`, tag `0.1.2`)
  - MBCategory
  - OCMock (HEAD)
  - PBWebViewController
  - SDWebImage
  - TUSafariActivity

EXTERNAL SOURCES:
  CSApi:
    :git: https://github.com/cogenta/CSApi.git
    :tag: 0.1.2

SPEC CHECKSUMS:
  AFNetworking: 7f9bcd7c287a75476cd5c61e82fd3380e93e4c54
  ARChromeActivity: eb9770a933cfe2b914b8e4e22b684eb7f43f24df
  Base64: eaac9f2088ba659c5db1db960576eb0f2969ebaf
  CSApi: 949c2421335874972595a2358f46b3b53de1ca16
  CSURITemplate: d3ec6da88799010195522e0c20e049a18da6a6aa
  HyperBek: ff15839ea583f4eaf6479e852f4b5d3e1d156c9a
  ISO8601DateFormatter: 00944e437ea647f4244454ce8809d313861d08de
  MBCategory: f16e6b71dce3e8733a5c7ae28d022a7b783f0f5d
  NSArray+Functional: 2fb24f1533c1380a595ed1da347bd4ec705f5495
  OCMock: 80e4cfbc71a0e1bd28caf10a9fda27da7c4c8402
  PBWebViewController: 5a45bdee21a4107c6177e719cf1a62bba14fe40c
  SBJson: e60b4dc22448c2ae1e754b523a4ab53408e85c8d
  SDWebImage: 366188f04c019bfd712d45e3b36aa52070f4abd8
  TUSafariActivity: bd9da588f5f9136ba445d89f8f86b6dccf4d46ba

COCOAPODS: 0.24.0
