PODS:
  - AFNetworking (1.3.2)
  - ARChromeActivity (1.0.0)
  - Base64 (1.0.1)
  - CSApi (0.0.1):
    - AFNetworking (= 1.3.2)
    - Base64
    - HyperBek
    - ISO8601DateFormatter
    - NSArray+Functional
    - SBJson
  - CSURITemplate (0.1.1)
  - HyperBek (0.3.0):
    - CSURITemplate (~> 0.1.1)
  - ISO8601DateFormatter (0.6)
  - libwebp (0.3.0-rc7):
    - libwebp/dec
    - libwebp/dsp
    - libwebp/utils
    - libwebp/webp
  - libwebp/dec (0.3.0-rc7)
  - libwebp/dsp (0.3.0-rc7)
  - libwebp/utils (0.3.0-rc7)
  - libwebp/webp (0.3.0-rc7)
  - MBCategory (0.0.1)
  - NSArray+Functional (1.0.0)
  - OCMock (HEAD based on 2.2)
  - PBWebViewController (0.0.1)
  - SBJson (3.2)
  - SDWebImage (3.3):
    - libwebp
    - SDWebImage/MapKit
  - SDWebImage/MapKit (3.3):
    - libwebp
  - TUSafariActivity (1.0.0)

DEPENDENCIES:
  - ARChromeActivity (from `git://github.com/wharris/ARChromeActivity.git`, branch `set-activity-title`)
  - CSApi (from `../CSApi/`)
  - MBCategory
  - OCMock (HEAD)
  - PBWebViewController (from `git://github.com/wharris/PBWebViewController.git`, branch `dismiss-popover`)
  - SDWebImage
  - TUSafariActivity

EXTERNAL SOURCES:
  ARChromeActivity:
    :branch: set-activity-title
    :git: git://github.com/wharris/ARChromeActivity.git
  CSApi:
    :path: ../CSApi/
  PBWebViewController:
    :branch: dismiss-popover
    :git: git://github.com/wharris/PBWebViewController.git

SPEC CHECKSUMS:
  AFNetworking: 7f9bcd7c287a75476cd5c61e82fd3380e93e4c54
  ARChromeActivity: bc451ea1d8f1ab142ea2b3aed1e4dc0afcb53cc5
  Base64: eaac9f2088ba659c5db1db960576eb0f2969ebaf
  CSApi: 87d9f6ddca6a4766cbb07d5e089cb46a3aa4badb
  CSURITemplate: d3ec6da88799010195522e0c20e049a18da6a6aa
  HyperBek: ff15839ea583f4eaf6479e852f4b5d3e1d156c9a
  ISO8601DateFormatter: 077ce9d8cfba171bc1ced6cba0d2ae4aefab7619
  libwebp: 40517fa1fd3716eded73b4696c45fc0b66e4b414
  MBCategory: f16e6b71dce3e8733a5c7ae28d022a7b783f0f5d
  NSArray+Functional: 2fb24f1533c1380a595ed1da347bd4ec705f5495
  OCMock: 5300ae6b75398fc3ae6cbf9102191333d35f6852
  PBWebViewController: 5a45bdee21a4107c6177e719cf1a62bba14fe40c
  SBJson: e60b4dc22448c2ae1e754b523a4ab53408e85c8d
  SDWebImage: 79a8bac9ccf85b269100b294f7b43684dab8bf8a
  TUSafariActivity: bd9da588f5f9136ba445d89f8f86b6dccf4d46ba

COCOAPODS: 0.24.0
