// !$*UTF8*$!
{
	archiveVersion = 1;
	classes = {
	};
	objectVersion = 46;
	objects = {

/* Begin PBXBuildFile section */
		8795017384E8439AB90A9230 /* libPods-test.a in Frameworks */ = {isa = PBXBuildFile; fileRef = A2B2CCA674454E08BDE20C2B /* libPods-test.a */; };
		A172FB01282545C594A858F8 /* libPods.a in Frameworks */ = {isa = PBXBuildFile; fileRef = 745CEB81A3744A0A93F6CAC6 /* libPods.a */; };
		BE08AFAA17394584007184E0 /* CSPriceView.m in Sources */ = {isa = PBXBuildFile; fileRef = BE08AFA917394584007184E0 /* CSPriceView.m */; };
		BE08AFAC17394EB4007184E0 /* CSPriceView.xib in Resources */ = {isa = PBXBuildFile; fileRef = BE08AFAB17394EB4007184E0 /* CSPriceView.xib */; };
		BE08AFAF17396631007184E0 /* CSStockView.m in Sources */ = {isa = PBXBuildFile; fileRef = BE08AFAE17396631007184E0 /* CSStockView.m */; };
		BE08AFB117396A05007184E0 /* CSStockView.xib in Resources */ = {isa = PBXBuildFile; fileRef = BE08AFB017396A05007184E0 /* CSStockView.xib */; };
		BE08AFB417396FF7007184E0 /* InStockBg@2x.png in Resources */ = {isa = PBXBuildFile; fileRef = BE08AFB217396FF7007184E0 /* InStockBg@2x.png */; };
		BE08AFB517396FF7007184E0 /* NoStockBg@2x.png in Resources */ = {isa = PBXBuildFile; fileRef = BE08AFB317396FF7007184E0 /* NoStockBg@2x.png */; };
		BE34F3CE173A96C600871FC1 /* ButtonBuyNow@2x.png in Resources */ = {isa = PBXBuildFile; fileRef = BE34F3CD173A96C600871FC1 /* ButtonBuyNow@2x.png */; };
		BE34F3D4173AB63100871FC1 /* CSProductGridViewController.m in Sources */ = {isa = PBXBuildFile; fileRef = BE34F3D3173AB63100871FC1 /* CSProductGridViewController.m */; };
		BE3D4DD1170331AA00644AD6 /* UIKit.framework in Frameworks */ = {isa = PBXBuildFile; fileRef = BE3D4DD0170331AA00644AD6 /* UIKit.framework */; };
		BE3D4DD3170331AA00644AD6 /* Foundation.framework in Frameworks */ = {isa = PBXBuildFile; fileRef = BE3D4DD2170331AA00644AD6 /* Foundation.framework */; };
		BE3D4DD5170331AA00644AD6 /* CoreGraphics.framework in Frameworks */ = {isa = PBXBuildFile; fileRef = BE3D4DD4170331AA00644AD6 /* CoreGraphics.framework */; };
		BE3D4DDB170331AA00644AD6 /* InfoPlist.strings in Resources */ = {isa = PBXBuildFile; fileRef = BE3D4DD9170331AA00644AD6 /* InfoPlist.strings */; };
		BE3D4DDD170331AA00644AD6 /* main.m in Sources */ = {isa = PBXBuildFile; fileRef = BE3D4DDC170331AA00644AD6 /* main.m */; };
		BE3D4DE1170331AA00644AD6 /* CSAppDelegate.m in Sources */ = {isa = PBXBuildFile; fileRef = BE3D4DE0170331AA00644AD6 /* CSAppDelegate.m */; };
		BE3D4DE3170331AA00644AD6 /* Default.png in Resources */ = {isa = PBXBuildFile; fileRef = BE3D4DE2170331AA00644AD6 /* Default.png */; };
		BE3D4DE5170331AA00644AD6 /* Default@2x.png in Resources */ = {isa = PBXBuildFile; fileRef = BE3D4DE4170331AA00644AD6 /* Default@2x.png */; };
		BE3D4DE7170331AA00644AD6 /* Default-568h@2x.png in Resources */ = {isa = PBXBuildFile; fileRef = BE3D4DE6170331AA00644AD6 /* Default-568h@2x.png */; };
		BE3D4DEF170331AA00644AD6 /* SenTestingKit.framework in Frameworks */ = {isa = PBXBuildFile; fileRef = BE3D4DEE170331AA00644AD6 /* SenTestingKit.framework */; };
		BE3D4DF0170331AA00644AD6 /* UIKit.framework in Frameworks */ = {isa = PBXBuildFile; fileRef = BE3D4DD0170331AA00644AD6 /* UIKit.framework */; };
		BE3D4DF1170331AA00644AD6 /* Foundation.framework in Frameworks */ = {isa = PBXBuildFile; fileRef = BE3D4DD2170331AA00644AD6 /* Foundation.framework */; };
		BE3D4DF9170331AA00644AD6 /* InfoPlist.strings in Resources */ = {isa = PBXBuildFile; fileRef = BE3D4DF7170331AA00644AD6 /* InfoPlist.strings */; };
		BE3D4E061703361800644AD6 /* Storyboard.storyboard in Resources */ = {isa = PBXBuildFile; fileRef = BE3D4E051703361800644AD6 /* Storyboard.storyboard */; };
		BE3D4E0E170339E900644AD6 /* CSSimplyShopTheme.m in Sources */ = {isa = PBXBuildFile; fileRef = BE3D4E0D170339E900644AD6 /* CSSimplyShopTheme.m */; };
		BE3D4E1317036D5700644AD6 /* BackButtonNormal@2x.png in Resources */ = {isa = PBXBuildFile; fileRef = BE3D4E1017036D5700644AD6 /* BackButtonNormal@2x.png */; };
		BE3D4E1417036D5700644AD6 /* ButtonNormal@2x.png in Resources */ = {isa = PBXBuildFile; fileRef = BE3D4E1117036D5700644AD6 /* ButtonNormal@2x.png */; };
		BE3D4E1517036D5700644AD6 /* NavigationBarBackground@2x.png in Resources */ = {isa = PBXBuildFile; fileRef = BE3D4E1217036D5700644AD6 /* NavigationBarBackground@2x.png */; };
		BE3D4E1917045F2C00644AD6 /* ButtonDone@2x.png in Resources */ = {isa = PBXBuildFile; fileRef = BE3D4E1817045F2C00644AD6 /* ButtonDone@2x.png */; };
		BE3D4E1C1704632900644AD6 /* CSRetailerSelectionCell.m in Sources */ = {isa = PBXBuildFile; fileRef = BE3D4E1B1704632900644AD6 /* CSRetailerSelectionCell.m */; };
		BE3D4E1E1704651900644AD6 /* TileBackground@2x.png in Resources */ = {isa = PBXBuildFile; fileRef = BE3D4E1D1704651900644AD6 /* TileBackground@2x.png */; };
		BE3D4E21170465AD00644AD6 /* CSRetailerSelectionViewController.m in Sources */ = {isa = PBXBuildFile; fileRef = BE3D4E20170465AD00644AD6 /* CSRetailerSelectionViewController.m */; };
		BE3D4E241704A30300644AD6 /* CallToAction@2x.png in Resources */ = {isa = PBXBuildFile; fileRef = BE3D4E221704A30300644AD6 /* CallToAction@2x.png */; };
		BE3D4E251704A30300644AD6 /* TileBackgroundSelected@2x.png in Resources */ = {isa = PBXBuildFile; fileRef = BE3D4E231704A30300644AD6 /* TileBackgroundSelected@2x.png */; };
		BE3D4E281704B5A600644AD6 /* CSCTAButton.m in Sources */ = {isa = PBXBuildFile; fileRef = BE3D4E271704B5A600644AD6 /* CSCTAButton.m */; };
		BE3D4E2B170C572800644AD6 /* CSHomePageViewController.m in Sources */ = {isa = PBXBuildFile; fileRef = BE3D4E2A170C572800644AD6 /* CSHomePageViewController.m */; };
		BE3D4E35170DDF9100644AD6 /* CSAppearanceButton.m in Sources */ = {isa = PBXBuildFile; fileRef = BE3D4E34170DDF9100644AD6 /* CSAppearanceButton.m */; };
		BE3D4E3A170DEA4E00644AD6 /* CSFavoriteStoresCell.m in Sources */ = {isa = PBXBuildFile; fileRef = BE3D4E39170DEA4E00644AD6 /* CSFavoriteStoresCell.m */; };
		BE6BF3FF1725426E004B6D85 /* Icon.png in Resources */ = {isa = PBXBuildFile; fileRef = BE6BF3FE1725426E004B6D85 /* Icon.png */; };
		BE6BF4011725428C004B6D85 /* Icon@2x.png in Resources */ = {isa = PBXBuildFile; fileRef = BE6BF4001725428C004B6D85 /* Icon@2x.png */; };
		BE6E2F1F17313FF100DCE47E /* CSProductGalleryView.m in Sources */ = {isa = PBXBuildFile; fileRef = BE6E2F1E17313FF100DCE47E /* CSProductGalleryView.m */; };
		BE6E2F21173151F500DCE47E /* CSProductGalleryView.xib in Resources */ = {isa = PBXBuildFile; fileRef = BE6E2F20173151F500DCE47E /* CSProductGalleryView.xib */; };
		BE6E2F241731542700DCE47E /* GalleryBg@2x.png in Resources */ = {isa = PBXBuildFile; fileRef = BE6E2F221731542700DCE47E /* GalleryBg@2x.png */; };
		BE6E2F251731542700DCE47E /* GalleryFooter@2x.png in Resources */ = {isa = PBXBuildFile; fileRef = BE6E2F231731542700DCE47E /* GalleryFooter@2x.png */; };
		BE6E2F2B173167EB00DCE47E /* BigX@2x.png in Resources */ = {isa = PBXBuildFile; fileRef = BE6E2F29173167EB00DCE47E /* BigX@2x.png */; };
		BE6E2F2C173167EB00DCE47E /* TitleBarBg@2x.png in Resources */ = {isa = PBXBuildFile; fileRef = BE6E2F2A173167EB00DCE47E /* TitleBarBg@2x.png */; };
		BE6E2F2E17316B6200DCE47E /* CoreText.framework in Frameworks */ = {isa = PBXBuildFile; fileRef = BE6E2F2D17316B6100DCE47E /* CoreText.framework */; };
		BE6E2F311731809900DCE47E /* CSTitleBarView.m in Sources */ = {isa = PBXBuildFile; fileRef = BE6E2F301731809900DCE47E /* CSTitleBarView.m */; };
		BE6E2F3417329E4B00DCE47E /* CSTabBarView.m in Sources */ = {isa = PBXBuildFile; fileRef = BE6E2F3317329E4B00DCE47E /* CSTabBarView.m */; };
		BE6E2F361732AB0100DCE47E /* CSTabBarView.xib in Resources */ = {isa = PBXBuildFile; fileRef = BE6E2F351732AB0100DCE47E /* CSTabBarView.xib */; };
		BE6E2F381732B3AF00DCE47E /* SelectedTabBg@2x.png in Resources */ = {isa = PBXBuildFile; fileRef = BE6E2F371732B3AF00DCE47E /* SelectedTabBg@2x.png */; };
		BE6E2F3B1732D7B300DCE47E /* CSProductSidebarView.m in Sources */ = {isa = PBXBuildFile; fileRef = BE6E2F3A1732D7B300DCE47E /* CSProductSidebarView.m */; };
		BE6E2F3D1732D7DF00DCE47E /* ProductRightBg@2x.png in Resources */ = {isa = PBXBuildFile; fileRef = BE6E2F3C1732D7DF00DCE47E /* ProductRightBg@2x.png */; };
		BE6E2F401733BD1400DCE47E /* CSRetailerLogoView.m in Sources */ = {isa = PBXBuildFile; fileRef = BE6E2F3F1733BD1400DCE47E /* CSRetailerLogoView.m */; };
		BE6E2F461733BE2400DCE47E /* CSRetailerLogoView.xib in Resources */ = {isa = PBXBuildFile; fileRef = BE6E2F451733BE2400DCE47E /* CSRetailerLogoView.xib */; };
		BE6E2F481733C32300DCE47E /* CSProductSidebarView.xib in Resources */ = {isa = PBXBuildFile; fileRef = BE6E2F471733C32300DCE47E /* CSProductSidebarView.xib */; };
		BE6E2F4A1733C82300DCE47E /* BigRetailerBackground@2x.png in Resources */ = {isa = PBXBuildFile; fileRef = BE6E2F491733C82300DCE47E /* BigRetailerBackground@2x.png */; };
		BE6E2F4D1733EDBD00DCE47E /* UIImageView+CSImageSelection.m in Sources */ = {isa = PBXBuildFile; fileRef = BE6E2F4C1733EDBD00DCE47E /* UIImageView+CSImageSelection.m */; };
		BE6E2F501733FD7600DCE47E /* CSPriceContextTests.m in Sources */ = {isa = PBXBuildFile; fileRef = BE6E2F4F1733FD7600DCE47E /* CSPriceContextTests.m */; };
		BE6E2F531733FDAF00DCE47E /* CSPriceContext.m in Sources */ = {isa = PBXBuildFile; fileRef = BE6E2F521733FDAF00DCE47E /* CSPriceContext.m */; };
		BE73677D1729614000B4691C /* CSProductDetailViewController.m in Sources */ = {isa = PBXBuildFile; fileRef = BE73677C1729614000B4691C /* CSProductDetailViewController.m */; };
		BE73678A172A7E5E00B4691C /* CSProductDetailsView.m in Sources */ = {isa = PBXBuildFile; fileRef = BE736789172A7E5E00B4691C /* CSProductDetailsView.m */; };
		BE736790172E7E3700B4691C /* CSTabArrowView.m in Sources */ = {isa = PBXBuildFile; fileRef = BE73678F172E7E3700B4691C /* CSTabArrowView.m */; };
		BE736792172E7E6100B4691C /* CSTabArrowView.xib in Resources */ = {isa = PBXBuildFile; fileRef = BE736791172E7E6100B4691C /* CSTabArrowView.xib */; };
		BE736795172E867700B4691C /* TabArrow@2x.png in Resources */ = {isa = PBXBuildFile; fileRef = BE736793172E867700B4691C /* TabArrow@2x.png */; };
		BE736796172E867700B4691C /* TabUnderline@2x.png in Resources */ = {isa = PBXBuildFile; fileRef = BE736794172E867700B4691C /* TabUnderline@2x.png */; };
		BE736798172EB65E00B4691C /* CSProductDetailsView.xib in Resources */ = {isa = PBXBuildFile; fileRef = BE736797172EB65E00B4691C /* CSProductDetailsView.xib */; };
		BE73679B172ED79400B4691C /* CSTabFooterView.m in Sources */ = {isa = PBXBuildFile; fileRef = BE73679A172ED79300B4691C /* CSTabFooterView.m */; };
		BE73679D172ED9CC00B4691C /* TabBottom@2x.png in Resources */ = {isa = PBXBuildFile; fileRef = BE73679C172ED9CC00B4691C /* TabBottom@2x.png */; };
		BE7367A2172FCFE800B4691C /* CSProductStatsView.m in Sources */ = {isa = PBXBuildFile; fileRef = BE7367A1172FCFE700B4691C /* CSProductStatsView.m */; };
		BE7367A5172FD02700B4691C /* CSProductStats.m in Sources */ = {isa = PBXBuildFile; fileRef = BE7367A4172FD02700B4691C /* CSProductStats.m */; };
		BE7367AA172FD0E700B4691C /* CSProductStatsTests.m in Sources */ = {isa = PBXBuildFile; fileRef = BE7367A9172FD0E700B4691C /* CSProductStatsTests.m */; };
		BEA6DA37170EDD82001AC881 /* QuartzCore.framework in Frameworks */ = {isa = PBXBuildFile; fileRef = BEA6DA36170EDD82001AC881 /* QuartzCore.framework */; };
		BEA6DA3A170EE8C6001AC881 /* CSRoundImageView.m in Sources */ = {isa = PBXBuildFile; fileRef = BEA6DA39170EE8C6001AC881 /* CSRoundImageView.m */; };
		BEDC02D6171312BC0023059E /* CSProductSummaryCell.xib in Resources */ = {isa = PBXBuildFile; fileRef = BEDC02D5171312BC0023059E /* CSProductSummaryCell.xib */; };
		BEDC02D9171317A90023059E /* CSProductSummariesCell.m in Sources */ = {isa = PBXBuildFile; fileRef = BEDC02D8171317A90023059E /* CSProductSummariesCell.m */; };
		BEDC02DB17144DB20023059E /* CSRetailerSelectionCell.xib in Resources */ = {isa = PBXBuildFile; fileRef = BEDC02DA17144DB10023059E /* CSRetailerSelectionCell.xib */; };
		BEDC02E0171455510023059E /* CSProductSummaryCell.m in Sources */ = {isa = PBXBuildFile; fileRef = BEDC02DF171455510023059E /* CSProductSummaryCell.m */; };
/* End PBXBuildFile section */

/* Begin PBXContainerItemProxy section */
		BEC221F4172FDD19004700E0 /* PBXContainerItemProxy */ = {
			isa = PBXContainerItemProxy;
			containerPortal = BE3D4DC5170331AA00644AD6 /* Project object */;
			proxyType = 1;
			remoteGlobalIDString = BE3D4DCC170331AA00644AD6;
			remoteInfo = SimplyShop;
		};
/* End PBXContainerItemProxy section */

/* Begin PBXFileReference section */
		556CD3EBC7A04BBBA707A657 /* Pods-test.xcconfig */ = {isa = PBXFileReference; includeInIndex = 1; lastKnownFileType = text.xcconfig; name = "Pods-test.xcconfig"; path = "Pods/Pods-test.xcconfig"; sourceTree = SOURCE_ROOT; };
		745CEB81A3744A0A93F6CAC6 /* libPods.a */ = {isa = PBXFileReference; explicitFileType = archive.ar; includeInIndex = 0; path = libPods.a; sourceTree = BUILT_PRODUCTS_DIR; };
		A2B2CCA674454E08BDE20C2B /* libPods-test.a */ = {isa = PBXFileReference; explicitFileType = archive.ar; includeInIndex = 0; path = "libPods-test.a"; sourceTree = BUILT_PRODUCTS_DIR; };
		BE08AFA817394584007184E0 /* CSPriceView.h */ = {isa = PBXFileReference; fileEncoding = 4; lastKnownFileType = sourcecode.c.h; path = CSPriceView.h; sourceTree = "<group>"; };
		BE08AFA917394584007184E0 /* CSPriceView.m */ = {isa = PBXFileReference; fileEncoding = 4; lastKnownFileType = sourcecode.c.objc; path = CSPriceView.m; sourceTree = "<group>"; };
		BE08AFAB17394EB4007184E0 /* CSPriceView.xib */ = {isa = PBXFileReference; fileEncoding = 4; lastKnownFileType = file.xib; path = CSPriceView.xib; sourceTree = "<group>"; };
		BE08AFAD17396631007184E0 /* CSStockView.h */ = {isa = PBXFileReference; fileEncoding = 4; lastKnownFileType = sourcecode.c.h; path = CSStockView.h; sourceTree = "<group>"; };
		BE08AFAE17396631007184E0 /* CSStockView.m */ = {isa = PBXFileReference; fileEncoding = 4; lastKnownFileType = sourcecode.c.objc; path = CSStockView.m; sourceTree = "<group>"; };
		BE08AFB017396A05007184E0 /* CSStockView.xib */ = {isa = PBXFileReference; fileEncoding = 4; lastKnownFileType = file.xib; path = CSStockView.xib; sourceTree = "<group>"; };
		BE08AFB217396FF7007184E0 /* InStockBg@2x.png */ = {isa = PBXFileReference; lastKnownFileType = image.png; path = "InStockBg@2x.png"; sourceTree = "<group>"; };
		BE08AFB317396FF7007184E0 /* NoStockBg@2x.png */ = {isa = PBXFileReference; lastKnownFileType = image.png; path = "NoStockBg@2x.png"; sourceTree = "<group>"; };
		BE34F3CD173A96C600871FC1 /* ButtonBuyNow@2x.png */ = {isa = PBXFileReference; lastKnownFileType = image.png; path = "ButtonBuyNow@2x.png"; sourceTree = "<group>"; };
		BE34F3D2173AB63100871FC1 /* CSProductGridViewController.h */ = {isa = PBXFileReference; fileEncoding = 4; lastKnownFileType = sourcecode.c.h; path = CSProductGridViewController.h; sourceTree = "<group>"; };
		BE34F3D3173AB63100871FC1 /* CSProductGridViewController.m */ = {isa = PBXFileReference; fileEncoding = 4; lastKnownFileType = sourcecode.c.objc; path = CSProductGridViewController.m; sourceTree = "<group>"; };
		BE3D4DCD170331AA00644AD6 /* Simply Shop.app */ = {isa = PBXFileReference; explicitFileType = wrapper.application; includeInIndex = 0; path = "Simply Shop.app"; sourceTree = BUILT_PRODUCTS_DIR; };
		BE3D4DD0170331AA00644AD6 /* UIKit.framework */ = {isa = PBXFileReference; lastKnownFileType = wrapper.framework; name = UIKit.framework; path = System/Library/Frameworks/UIKit.framework; sourceTree = SDKROOT; };
		BE3D4DD2170331AA00644AD6 /* Foundation.framework */ = {isa = PBXFileReference; lastKnownFileType = wrapper.framework; name = Foundation.framework; path = System/Library/Frameworks/Foundation.framework; sourceTree = SDKROOT; };
		BE3D4DD4170331AA00644AD6 /* CoreGraphics.framework */ = {isa = PBXFileReference; lastKnownFileType = wrapper.framework; name = CoreGraphics.framework; path = System/Library/Frameworks/CoreGraphics.framework; sourceTree = SDKROOT; };
		BE3D4DD8170331AA00644AD6 /* SimplyShop-Info.plist */ = {isa = PBXFileReference; lastKnownFileType = text.plist.xml; path = "SimplyShop-Info.plist"; sourceTree = "<group>"; };
		BE3D4DDA170331AA00644AD6 /* en */ = {isa = PBXFileReference; lastKnownFileType = text.plist.strings; name = en; path = en.lproj/InfoPlist.strings; sourceTree = "<group>"; };
		BE3D4DDC170331AA00644AD6 /* main.m */ = {isa = PBXFileReference; lastKnownFileType = sourcecode.c.objc; path = main.m; sourceTree = "<group>"; };
		BE3D4DDE170331AA00644AD6 /* SimplyShop-Prefix.pch */ = {isa = PBXFileReference; lastKnownFileType = sourcecode.c.h; path = "SimplyShop-Prefix.pch"; sourceTree = "<group>"; };
		BE3D4DDF170331AA00644AD6 /* CSAppDelegate.h */ = {isa = PBXFileReference; lastKnownFileType = sourcecode.c.h; path = CSAppDelegate.h; sourceTree = "<group>"; };
		BE3D4DE0170331AA00644AD6 /* CSAppDelegate.m */ = {isa = PBXFileReference; lastKnownFileType = sourcecode.c.objc; path = CSAppDelegate.m; sourceTree = "<group>"; };
		BE3D4DE2170331AA00644AD6 /* Default.png */ = {isa = PBXFileReference; lastKnownFileType = image.png; path = Default.png; sourceTree = "<group>"; };
		BE3D4DE4170331AA00644AD6 /* Default@2x.png */ = {isa = PBXFileReference; lastKnownFileType = image.png; path = "Default@2x.png"; sourceTree = "<group>"; };
		BE3D4DE6170331AA00644AD6 /* Default-568h@2x.png */ = {isa = PBXFileReference; lastKnownFileType = image.png; path = "Default-568h@2x.png"; sourceTree = "<group>"; };
		BE3D4DED170331AA00644AD6 /* SimplyShopTests.octest */ = {isa = PBXFileReference; explicitFileType = wrapper.cfbundle; includeInIndex = 0; path = SimplyShopTests.octest; sourceTree = BUILT_PRODUCTS_DIR; };
		BE3D4DEE170331AA00644AD6 /* SenTestingKit.framework */ = {isa = PBXFileReference; lastKnownFileType = wrapper.framework; name = SenTestingKit.framework; path = Library/Frameworks/SenTestingKit.framework; sourceTree = DEVELOPER_DIR; };
		BE3D4DF6170331AA00644AD6 /* SimplyShopTests-Info.plist */ = {isa = PBXFileReference; lastKnownFileType = text.plist.xml; path = "SimplyShopTests-Info.plist"; sourceTree = "<group>"; };
		BE3D4DF8170331AA00644AD6 /* en */ = {isa = PBXFileReference; lastKnownFileType = text.plist.strings; name = en; path = en.lproj/InfoPlist.strings; sourceTree = "<group>"; };
		BE3D4E051703361800644AD6 /* Storyboard.storyboard */ = {isa = PBXFileReference; fileEncoding = 4; lastKnownFileType = file.storyboard; path = Storyboard.storyboard; sourceTree = "<group>"; };
		BE3D4E091703399300644AD6 /* CSTheme.h */ = {isa = PBXFileReference; fileEncoding = 4; lastKnownFileType = sourcecode.c.h; path = CSTheme.h; sourceTree = "<group>"; };
		BE3D4E0C170339E800644AD6 /* CSSimplyShopTheme.h */ = {isa = PBXFileReference; fileEncoding = 4; lastKnownFileType = sourcecode.c.h; path = CSSimplyShopTheme.h; sourceTree = "<group>"; };
		BE3D4E0D170339E900644AD6 /* CSSimplyShopTheme.m */ = {isa = PBXFileReference; fileEncoding = 4; lastKnownFileType = sourcecode.c.objc; path = CSSimplyShopTheme.m; sourceTree = "<group>"; };
		BE3D4E1017036D5700644AD6 /* BackButtonNormal@2x.png */ = {isa = PBXFileReference; lastKnownFileType = image.png; path = "BackButtonNormal@2x.png"; sourceTree = "<group>"; };
		BE3D4E1117036D5700644AD6 /* ButtonNormal@2x.png */ = {isa = PBXFileReference; lastKnownFileType = image.png; path = "ButtonNormal@2x.png"; sourceTree = "<group>"; };
		BE3D4E1217036D5700644AD6 /* NavigationBarBackground@2x.png */ = {isa = PBXFileReference; lastKnownFileType = image.png; path = "NavigationBarBackground@2x.png"; sourceTree = "<group>"; };
		BE3D4E161703719200644AD6 /* Podfile */ = {isa = PBXFileReference; fileEncoding = 4; lastKnownFileType = text; name = Podfile; path = ../Podfile; sourceTree = "<group>"; xcLanguageSpecificationIdentifier = xcode.lang.ruby; };
		BE3D4E1817045F2C00644AD6 /* ButtonDone@2x.png */ = {isa = PBXFileReference; lastKnownFileType = image.png; path = "ButtonDone@2x.png"; sourceTree = "<group>"; };
		BE3D4E1A1704632900644AD6 /* CSRetailerSelectionCell.h */ = {isa = PBXFileReference; fileEncoding = 4; lastKnownFileType = sourcecode.c.h; path = CSRetailerSelectionCell.h; sourceTree = "<group>"; };
		BE3D4E1B1704632900644AD6 /* CSRetailerSelectionCell.m */ = {isa = PBXFileReference; fileEncoding = 4; lastKnownFileType = sourcecode.c.objc; path = CSRetailerSelectionCell.m; sourceTree = "<group>"; };
		BE3D4E1D1704651900644AD6 /* TileBackground@2x.png */ = {isa = PBXFileReference; lastKnownFileType = image.png; path = "TileBackground@2x.png"; sourceTree = "<group>"; };
		BE3D4E1F170465AD00644AD6 /* CSRetailerSelectionViewController.h */ = {isa = PBXFileReference; fileEncoding = 4; lastKnownFileType = sourcecode.c.h; path = CSRetailerSelectionViewController.h; sourceTree = "<group>"; };
		BE3D4E20170465AD00644AD6 /* CSRetailerSelectionViewController.m */ = {isa = PBXFileReference; fileEncoding = 4; lastKnownFileType = sourcecode.c.objc; path = CSRetailerSelectionViewController.m; sourceTree = "<group>"; };
		BE3D4E221704A30300644AD6 /* CallToAction@2x.png */ = {isa = PBXFileReference; lastKnownFileType = image.png; path = "CallToAction@2x.png"; sourceTree = "<group>"; };
		BE3D4E231704A30300644AD6 /* TileBackgroundSelected@2x.png */ = {isa = PBXFileReference; lastKnownFileType = image.png; path = "TileBackgroundSelected@2x.png"; sourceTree = "<group>"; };
		BE3D4E261704B5A600644AD6 /* CSCTAButton.h */ = {isa = PBXFileReference; fileEncoding = 4; lastKnownFileType = sourcecode.c.h; path = CSCTAButton.h; sourceTree = "<group>"; };
		BE3D4E271704B5A600644AD6 /* CSCTAButton.m */ = {isa = PBXFileReference; fileEncoding = 4; lastKnownFileType = sourcecode.c.objc; path = CSCTAButton.m; sourceTree = "<group>"; };
		BE3D4E29170C572800644AD6 /* CSHomePageViewController.h */ = {isa = PBXFileReference; fileEncoding = 4; lastKnownFileType = sourcecode.c.h; path = CSHomePageViewController.h; sourceTree = "<group>"; };
		BE3D4E2A170C572800644AD6 /* CSHomePageViewController.m */ = {isa = PBXFileReference; fileEncoding = 4; lastKnownFileType = sourcecode.c.objc; path = CSHomePageViewController.m; sourceTree = "<group>"; };
		BE3D4E33170DDF9100644AD6 /* CSAppearanceButton.h */ = {isa = PBXFileReference; fileEncoding = 4; lastKnownFileType = sourcecode.c.h; path = CSAppearanceButton.h; sourceTree = "<group>"; };
		BE3D4E34170DDF9100644AD6 /* CSAppearanceButton.m */ = {isa = PBXFileReference; fileEncoding = 4; lastKnownFileType = sourcecode.c.objc; path = CSAppearanceButton.m; sourceTree = "<group>"; };
		BE3D4E38170DEA4E00644AD6 /* CSFavoriteStoresCell.h */ = {isa = PBXFileReference; fileEncoding = 4; lastKnownFileType = sourcecode.c.h; path = CSFavoriteStoresCell.h; sourceTree = "<group>"; };
		BE3D4E39170DEA4E00644AD6 /* CSFavoriteStoresCell.m */ = {isa = PBXFileReference; fileEncoding = 4; lastKnownFileType = sourcecode.c.objc; path = CSFavoriteStoresCell.m; sourceTree = "<group>"; };
		BE6BF3FE1725426E004B6D85 /* Icon.png */ = {isa = PBXFileReference; lastKnownFileType = image.png; name = Icon.png; path = ../Icon.png; sourceTree = "<group>"; };
		BE6BF4001725428C004B6D85 /* Icon@2x.png */ = {isa = PBXFileReference; lastKnownFileType = image.png; name = "Icon@2x.png"; path = "../Icon@2x.png"; sourceTree = "<group>"; };
		BE6E2F1D17313FF100DCE47E /* CSProductGalleryView.h */ = {isa = PBXFileReference; fileEncoding = 4; lastKnownFileType = sourcecode.c.h; path = CSProductGalleryView.h; sourceTree = "<group>"; };
		BE6E2F1E17313FF100DCE47E /* CSProductGalleryView.m */ = {isa = PBXFileReference; fileEncoding = 4; lastKnownFileType = sourcecode.c.objc; path = CSProductGalleryView.m; sourceTree = "<group>"; };
		BE6E2F20173151F500DCE47E /* CSProductGalleryView.xib */ = {isa = PBXFileReference; fileEncoding = 4; lastKnownFileType = file.xib; path = CSProductGalleryView.xib; sourceTree = "<group>"; };
		BE6E2F221731542700DCE47E /* GalleryBg@2x.png */ = {isa = PBXFileReference; lastKnownFileType = image.png; path = "GalleryBg@2x.png"; sourceTree = "<group>"; };
		BE6E2F231731542700DCE47E /* GalleryFooter@2x.png */ = {isa = PBXFileReference; lastKnownFileType = image.png; path = "GalleryFooter@2x.png"; sourceTree = "<group>"; };
		BE6E2F29173167EB00DCE47E /* BigX@2x.png */ = {isa = PBXFileReference; lastKnownFileType = image.png; path = "BigX@2x.png"; sourceTree = "<group>"; };
		BE6E2F2A173167EB00DCE47E /* TitleBarBg@2x.png */ = {isa = PBXFileReference; lastKnownFileType = image.png; path = "TitleBarBg@2x.png"; sourceTree = "<group>"; };
		BE6E2F2D17316B6100DCE47E /* CoreText.framework */ = {isa = PBXFileReference; lastKnownFileType = wrapper.framework; name = CoreText.framework; path = System/Library/Frameworks/CoreText.framework; sourceTree = SDKROOT; };
		BE6E2F2F1731809900DCE47E /* CSTitleBarView.h */ = {isa = PBXFileReference; fileEncoding = 4; lastKnownFileType = sourcecode.c.h; path = CSTitleBarView.h; sourceTree = "<group>"; };
		BE6E2F301731809900DCE47E /* CSTitleBarView.m */ = {isa = PBXFileReference; fileEncoding = 4; lastKnownFileType = sourcecode.c.objc; path = CSTitleBarView.m; sourceTree = "<group>"; };
		BE6E2F3217329E4B00DCE47E /* CSTabBarView.h */ = {isa = PBXFileReference; fileEncoding = 4; lastKnownFileType = sourcecode.c.h; path = CSTabBarView.h; sourceTree = "<group>"; };
		BE6E2F3317329E4B00DCE47E /* CSTabBarView.m */ = {isa = PBXFileReference; fileEncoding = 4; lastKnownFileType = sourcecode.c.objc; path = CSTabBarView.m; sourceTree = "<group>"; };
		BE6E2F351732AB0100DCE47E /* CSTabBarView.xib */ = {isa = PBXFileReference; fileEncoding = 4; lastKnownFileType = file.xib; path = CSTabBarView.xib; sourceTree = "<group>"; };
		BE6E2F371732B3AF00DCE47E /* SelectedTabBg@2x.png */ = {isa = PBXFileReference; lastKnownFileType = image.png; name = "SelectedTabBg@2x.png"; path = "../../../Desktop/Extracted Assets/SelectedTabBg@2x.png"; sourceTree = "<group>"; };
		BE6E2F391732D7B300DCE47E /* CSProductSidebarView.h */ = {isa = PBXFileReference; fileEncoding = 4; lastKnownFileType = sourcecode.c.h; path = CSProductSidebarView.h; sourceTree = "<group>"; };
		BE6E2F3A1732D7B300DCE47E /* CSProductSidebarView.m */ = {isa = PBXFileReference; fileEncoding = 4; lastKnownFileType = sourcecode.c.objc; path = CSProductSidebarView.m; sourceTree = "<group>"; };
		BE6E2F3C1732D7DF00DCE47E /* ProductRightBg@2x.png */ = {isa = PBXFileReference; lastKnownFileType = image.png; name = "ProductRightBg@2x.png"; path = "../../../Desktop/Extracted Assets/ProductRightBg@2x.png"; sourceTree = "<group>"; };
		BE6E2F3E1733BD1300DCE47E /* CSRetailerLogoView.h */ = {isa = PBXFileReference; fileEncoding = 4; lastKnownFileType = sourcecode.c.h; path = CSRetailerLogoView.h; sourceTree = "<group>"; };
		BE6E2F3F1733BD1400DCE47E /* CSRetailerLogoView.m */ = {isa = PBXFileReference; fileEncoding = 4; lastKnownFileType = sourcecode.c.objc; path = CSRetailerLogoView.m; sourceTree = "<group>"; };
		BE6E2F451733BE2400DCE47E /* CSRetailerLogoView.xib */ = {isa = PBXFileReference; fileEncoding = 4; lastKnownFileType = file.xib; path = CSRetailerLogoView.xib; sourceTree = "<group>"; };
		BE6E2F471733C32300DCE47E /* CSProductSidebarView.xib */ = {isa = PBXFileReference; fileEncoding = 4; lastKnownFileType = file.xib; path = CSProductSidebarView.xib; sourceTree = "<group>"; };
		BE6E2F491733C82300DCE47E /* BigRetailerBackground@2x.png */ = {isa = PBXFileReference; lastKnownFileType = image.png; name = "BigRetailerBackground@2x.png"; path = "../../../Desktop/Extracted Assets/BigRetailerBackground@2x.png"; sourceTree = "<group>"; };
		BE6E2F4B1733EDBC00DCE47E /* UIImageView+CSImageSelection.h */ = {isa = PBXFileReference; fileEncoding = 4; lastKnownFileType = sourcecode.c.h; path = "UIImageView+CSImageSelection.h"; sourceTree = "<group>"; };
		BE6E2F4C1733EDBD00DCE47E /* UIImageView+CSImageSelection.m */ = {isa = PBXFileReference; fileEncoding = 4; lastKnownFileType = sourcecode.c.objc; path = "UIImageView+CSImageSelection.m"; sourceTree = "<group>"; };
		BE6E2F4F1733FD7600DCE47E /* CSPriceContextTests.m */ = {isa = PBXFileReference; fileEncoding = 4; lastKnownFileType = sourcecode.c.objc; path = CSPriceContextTests.m; sourceTree = "<group>"; };
		BE6E2F511733FDAF00DCE47E /* CSPriceContext.h */ = {isa = PBXFileReference; fileEncoding = 4; lastKnownFileType = sourcecode.c.h; path = CSPriceContext.h; sourceTree = "<group>"; };
		BE6E2F521733FDAF00DCE47E /* CSPriceContext.m */ = {isa = PBXFileReference; fileEncoding = 4; lastKnownFileType = sourcecode.c.objc; path = CSPriceContext.m; sourceTree = "<group>"; };
		BE73677B1729614000B4691C /* CSProductDetailViewController.h */ = {isa = PBXFileReference; fileEncoding = 4; lastKnownFileType = sourcecode.c.h; path = CSProductDetailViewController.h; sourceTree = "<group>"; };
		BE73677C1729614000B4691C /* CSProductDetailViewController.m */ = {isa = PBXFileReference; fileEncoding = 4; lastKnownFileType = sourcecode.c.objc; path = CSProductDetailViewController.m; sourceTree = "<group>"; };
		BE736788172A7E5E00B4691C /* CSProductDetailsView.h */ = {isa = PBXFileReference; fileEncoding = 4; lastKnownFileType = sourcecode.c.h; path = CSProductDetailsView.h; sourceTree = "<group>"; };
		BE736789172A7E5E00B4691C /* CSProductDetailsView.m */ = {isa = PBXFileReference; fileEncoding = 4; lastKnownFileType = sourcecode.c.objc; path = CSProductDetailsView.m; sourceTree = "<group>"; };
		BE73678E172E7E3700B4691C /* CSTabArrowView.h */ = {isa = PBXFileReference; fileEncoding = 4; lastKnownFileType = sourcecode.c.h; path = CSTabArrowView.h; sourceTree = "<group>"; };
		BE73678F172E7E3700B4691C /* CSTabArrowView.m */ = {isa = PBXFileReference; fileEncoding = 4; lastKnownFileType = sourcecode.c.objc; path = CSTabArrowView.m; sourceTree = "<group>"; };
		BE736791172E7E6100B4691C /* CSTabArrowView.xib */ = {isa = PBXFileReference; fileEncoding = 4; lastKnownFileType = file.xib; path = CSTabArrowView.xib; sourceTree = "<group>"; };
		BE736793172E867700B4691C /* TabArrow@2x.png */ = {isa = PBXFileReference; lastKnownFileType = image.png; path = "TabArrow@2x.png"; sourceTree = "<group>"; };
		BE736794172E867700B4691C /* TabUnderline@2x.png */ = {isa = PBXFileReference; lastKnownFileType = image.png; path = "TabUnderline@2x.png"; sourceTree = "<group>"; };
		BE736797172EB65E00B4691C /* CSProductDetailsView.xib */ = {isa = PBXFileReference; fileEncoding = 4; lastKnownFileType = file.xib; path = CSProductDetailsView.xib; sourceTree = "<group>"; };
		BE736799172ED79300B4691C /* CSTabFooterView.h */ = {isa = PBXFileReference; fileEncoding = 4; lastKnownFileType = sourcecode.c.h; path = CSTabFooterView.h; sourceTree = "<group>"; };
		BE73679A172ED79300B4691C /* CSTabFooterView.m */ = {isa = PBXFileReference; fileEncoding = 4; lastKnownFileType = sourcecode.c.objc; path = CSTabFooterView.m; sourceTree = "<group>"; };
		BE73679C172ED9CC00B4691C /* TabBottom@2x.png */ = {isa = PBXFileReference; lastKnownFileType = image.png; path = "TabBottom@2x.png"; sourceTree = "<group>"; };
		BE7367A0172FCFE700B4691C /* CSProductStatsView.h */ = {isa = PBXFileReference; fileEncoding = 4; lastKnownFileType = sourcecode.c.h; path = CSProductStatsView.h; sourceTree = "<group>"; };
		BE7367A1172FCFE700B4691C /* CSProductStatsView.m */ = {isa = PBXFileReference; fileEncoding = 4; lastKnownFileType = sourcecode.c.objc; path = CSProductStatsView.m; sourceTree = "<group>"; };
		BE7367A3172FD02700B4691C /* CSProductStats.h */ = {isa = PBXFileReference; fileEncoding = 4; lastKnownFileType = sourcecode.c.h; path = CSProductStats.h; sourceTree = "<group>"; };
		BE7367A4172FD02700B4691C /* CSProductStats.m */ = {isa = PBXFileReference; fileEncoding = 4; lastKnownFileType = sourcecode.c.objc; path = CSProductStats.m; sourceTree = "<group>"; };
		BE7367A9172FD0E700B4691C /* CSProductStatsTests.m */ = {isa = PBXFileReference; fileEncoding = 4; lastKnownFileType = sourcecode.c.objc; path = CSProductStatsTests.m; sourceTree = "<group>"; };
		BEA6DA36170EDD82001AC881 /* QuartzCore.framework */ = {isa = PBXFileReference; lastKnownFileType = wrapper.framework; name = QuartzCore.framework; path = System/Library/Frameworks/QuartzCore.framework; sourceTree = SDKROOT; };
		BEA6DA38170EE8C6001AC881 /* CSRoundImageView.h */ = {isa = PBXFileReference; fileEncoding = 4; lastKnownFileType = sourcecode.c.h; path = CSRoundImageView.h; sourceTree = "<group>"; };
		BEA6DA39170EE8C6001AC881 /* CSRoundImageView.m */ = {isa = PBXFileReference; fileEncoding = 4; lastKnownFileType = sourcecode.c.objc; path = CSRoundImageView.m; sourceTree = "<group>"; };
		BED98BC91716D361007E8A9C /* MobileCoreServices.framework */ = {isa = PBXFileReference; lastKnownFileType = wrapper.framework; name = MobileCoreServices.framework; path = System/Library/Frameworks/MobileCoreServices.framework; sourceTree = SDKROOT; };
		BEDC02D5171312BC0023059E /* CSProductSummaryCell.xib */ = {isa = PBXFileReference; fileEncoding = 4; lastKnownFileType = file.xib; path = CSProductSummaryCell.xib; sourceTree = "<group>"; };
		BEDC02D7171317A80023059E /* CSProductSummariesCell.h */ = {isa = PBXFileReference; fileEncoding = 4; lastKnownFileType = sourcecode.c.h; path = CSProductSummariesCell.h; sourceTree = "<group>"; };
		BEDC02D8171317A90023059E /* CSProductSummariesCell.m */ = {isa = PBXFileReference; fileEncoding = 4; lastKnownFileType = sourcecode.c.objc; path = CSProductSummariesCell.m; sourceTree = "<group>"; };
		BEDC02DA17144DB10023059E /* CSRetailerSelectionCell.xib */ = {isa = PBXFileReference; fileEncoding = 4; lastKnownFileType = file.xib; path = CSRetailerSelectionCell.xib; sourceTree = "<group>"; };
		BEDC02DE171455510023059E /* CSProductSummaryCell.h */ = {isa = PBXFileReference; fileEncoding = 4; lastKnownFileType = sourcecode.c.h; path = CSProductSummaryCell.h; sourceTree = "<group>"; };
		BEDC02DF171455510023059E /* CSProductSummaryCell.m */ = {isa = PBXFileReference; fileEncoding = 4; lastKnownFileType = sourcecode.c.objc; path = CSProductSummaryCell.m; sourceTree = "<group>"; };
		C59BE071388B42FB9540159A /* Pods.xcconfig */ = {isa = PBXFileReference; includeInIndex = 1; lastKnownFileType = text.xcconfig; name = Pods.xcconfig; path = Pods/Pods.xcconfig; sourceTree = SOURCE_ROOT; };
/* End PBXFileReference section */

/* Begin PBXFrameworksBuildPhase section */
		BE3D4DCA170331AA00644AD6 /* Frameworks */ = {
			isa = PBXFrameworksBuildPhase;
			buildActionMask = 2147483647;
			files = (
				BE6E2F2E17316B6200DCE47E /* CoreText.framework in Frameworks */,
				BEA6DA37170EDD82001AC881 /* QuartzCore.framework in Frameworks */,
				BE3D4DD1170331AA00644AD6 /* UIKit.framework in Frameworks */,
				BE3D4DD3170331AA00644AD6 /* Foundation.framework in Frameworks */,
				BE3D4DD5170331AA00644AD6 /* CoreGraphics.framework in Frameworks */,
				A172FB01282545C594A858F8 /* libPods.a in Frameworks */,
			);
			runOnlyForDeploymentPostprocessing = 0;
		};
		BE3D4DE9170331AA00644AD6 /* Frameworks */ = {
			isa = PBXFrameworksBuildPhase;
			buildActionMask = 2147483647;
			files = (
				BE3D4DEF170331AA00644AD6 /* SenTestingKit.framework in Frameworks */,
				BE3D4DF0170331AA00644AD6 /* UIKit.framework in Frameworks */,
				BE3D4DF1170331AA00644AD6 /* Foundation.framework in Frameworks */,
				8795017384E8439AB90A9230 /* libPods-test.a in Frameworks */,
			);
			runOnlyForDeploymentPostprocessing = 0;
		};
/* End PBXFrameworksBuildPhase section */

/* Begin PBXGroup section */
		BE3D4DC4170331AA00644AD6 = {
			isa = PBXGroup;
			children = (
				BE3D4DD6170331AA00644AD6 /* SimplyShop */,
				BE3D4DF4170331AA00644AD6 /* SimplyShopTests */,
				BE3D4DCF170331AA00644AD6 /* Frameworks */,
				BE3D4DCE170331AA00644AD6 /* Products */,
				556CD3EBC7A04BBBA707A657 /* Pods-test.xcconfig */,
			);
			sourceTree = "<group>";
		};
		BE3D4DCE170331AA00644AD6 /* Products */ = {
			isa = PBXGroup;
			children = (
				BE3D4DCD170331AA00644AD6 /* Simply Shop.app */,
				BE3D4DED170331AA00644AD6 /* SimplyShopTests.octest */,
			);
			name = Products;
			sourceTree = "<group>";
		};
		BE3D4DCF170331AA00644AD6 /* Frameworks */ = {
			isa = PBXGroup;
			children = (
				BE6E2F2D17316B6100DCE47E /* CoreText.framework */,
				BED98BC91716D361007E8A9C /* MobileCoreServices.framework */,
				BEA6DA36170EDD82001AC881 /* QuartzCore.framework */,
				BE3D4DD0170331AA00644AD6 /* UIKit.framework */,
				BE3D4DD2170331AA00644AD6 /* Foundation.framework */,
				BE3D4DD4170331AA00644AD6 /* CoreGraphics.framework */,
				BE3D4DEE170331AA00644AD6 /* SenTestingKit.framework */,
				745CEB81A3744A0A93F6CAC6 /* libPods.a */,
				A2B2CCA674454E08BDE20C2B /* libPods-test.a */,
			);
			name = Frameworks;
			sourceTree = "<group>";
		};
		BE3D4DD6170331AA00644AD6 /* SimplyShop */ = {
			isa = PBXGroup;
			children = (
				BE7367A7172FD04000B4691C /* Model */,
				BE3D4E37170DE92000644AD6 /* Controllers */,
				BEDC02DD171454FA0023059E /* Dashboard Cells */,
				BEDC02DC171454CB0023059E /* Collection Cells */,
				BE3D4E36170DE8FC00644AD6 /* Views */,
				BE3D4E071703397400644AD6 /* Theme */,
				BE3D4DDF170331AA00644AD6 /* CSAppDelegate.h */,
				BE3D4DE0170331AA00644AD6 /* CSAppDelegate.m */,
				BE3D4DD7170331AA00644AD6 /* Supporting Files */,
				BE3D4E051703361800644AD6 /* Storyboard.storyboard */,
			);
			path = SimplyShop;
			sourceTree = "<group>";
		};
		BE3D4DD7170331AA00644AD6 /* Supporting Files */ = {
			isa = PBXGroup;
			children = (
				BE6BF4001725428C004B6D85 /* Icon@2x.png */,
				BE6BF3FE1725426E004B6D85 /* Icon.png */,
				BE3D4E161703719200644AD6 /* Podfile */,
				C59BE071388B42FB9540159A /* Pods.xcconfig */,
				BE3D4DD8170331AA00644AD6 /* SimplyShop-Info.plist */,
				BE3D4DD9170331AA00644AD6 /* InfoPlist.strings */,
				BE3D4DDC170331AA00644AD6 /* main.m */,
				BE3D4DDE170331AA00644AD6 /* SimplyShop-Prefix.pch */,
				BE3D4DE2170331AA00644AD6 /* Default.png */,
				BE3D4DE4170331AA00644AD6 /* Default@2x.png */,
				BE3D4DE6170331AA00644AD6 /* Default-568h@2x.png */,
			);
			name = "Supporting Files";
			sourceTree = "<group>";
		};
		BE3D4DF4170331AA00644AD6 /* SimplyShopTests */ = {
			isa = PBXGroup;
			children = (
				BE7367A9172FD0E700B4691C /* CSProductStatsTests.m */,
				BE6E2F4F1733FD7600DCE47E /* CSPriceContextTests.m */,
				BE3D4DF5170331AA00644AD6 /* Supporting Files */,
			);
			path = SimplyShopTests;
			sourceTree = "<group>";
		};
		BE3D4DF5170331AA00644AD6 /* Supporting Files */ = {
			isa = PBXGroup;
			children = (
				BE3D4DF6170331AA00644AD6 /* SimplyShopTests-Info.plist */,
				BE3D4DF7170331AA00644AD6 /* InfoPlist.strings */,
			);
			name = "Supporting Files";
			sourceTree = "<group>";
		};
		BE3D4E071703397400644AD6 /* Theme */ = {
			isa = PBXGroup;
			children = (
				BE3D4E0F17036D3700644AD6 /* Assets */,
				BE3D4E091703399300644AD6 /* CSTheme.h */,
				BE3D4E0C170339E800644AD6 /* CSSimplyShopTheme.h */,
				BE3D4E0D170339E900644AD6 /* CSSimplyShopTheme.m */,
			);
			name = Theme;
			sourceTree = "<group>";
		};
		BE3D4E0F17036D3700644AD6 /* Assets */ = {
			isa = PBXGroup;
			children = (
				BE34F3CD173A96C600871FC1 /* ButtonBuyNow@2x.png */,
				BE08AFB217396FF7007184E0 /* InStockBg@2x.png */,
				BE08AFB317396FF7007184E0 /* NoStockBg@2x.png */,
				BE6E2F491733C82300DCE47E /* BigRetailerBackground@2x.png */,
				BE6E2F3C1732D7DF00DCE47E /* ProductRightBg@2x.png */,
				BE6E2F371732B3AF00DCE47E /* SelectedTabBg@2x.png */,
				BE6E2F29173167EB00DCE47E /* BigX@2x.png */,
				BE6E2F2A173167EB00DCE47E /* TitleBarBg@2x.png */,
				BE6E2F221731542700DCE47E /* GalleryBg@2x.png */,
				BE6E2F231731542700DCE47E /* GalleryFooter@2x.png */,
				BE73679C172ED9CC00B4691C /* TabBottom@2x.png */,
				BE736793172E867700B4691C /* TabArrow@2x.png */,
				BE736794172E867700B4691C /* TabUnderline@2x.png */,
				BE3D4E221704A30300644AD6 /* CallToAction@2x.png */,
				BE3D4E231704A30300644AD6 /* TileBackgroundSelected@2x.png */,
				BE3D4E1D1704651900644AD6 /* TileBackground@2x.png */,
				BE3D4E1817045F2C00644AD6 /* ButtonDone@2x.png */,
				BE3D4E1017036D5700644AD6 /* BackButtonNormal@2x.png */,
				BE3D4E1117036D5700644AD6 /* ButtonNormal@2x.png */,
				BE3D4E1217036D5700644AD6 /* NavigationBarBackground@2x.png */,
			);
			name = Assets;
			sourceTree = "<group>";
		};
		BE3D4E36170DE8FC00644AD6 /* Views */ = {
			isa = PBXGroup;
			children = (
				BE3D4E261704B5A600644AD6 /* CSCTAButton.h */,
				BE3D4E271704B5A600644AD6 /* CSCTAButton.m */,
				BE3D4E33170DDF9100644AD6 /* CSAppearanceButton.h */,
				BE3D4E34170DDF9100644AD6 /* CSAppearanceButton.m */,
				BEA6DA38170EE8C6001AC881 /* CSRoundImageView.h */,
				BEA6DA39170EE8C6001AC881 /* CSRoundImageView.m */,
				BE736788172A7E5E00B4691C /* CSProductDetailsView.h */,
				BE736789172A7E5E00B4691C /* CSProductDetailsView.m */,
				BE736797172EB65E00B4691C /* CSProductDetailsView.xib */,
				BE73678E172E7E3700B4691C /* CSTabArrowView.h */,
				BE73678F172E7E3700B4691C /* CSTabArrowView.m */,
				BE736791172E7E6100B4691C /* CSTabArrowView.xib */,
				BE736799172ED79300B4691C /* CSTabFooterView.h */,
				BE73679A172ED79300B4691C /* CSTabFooterView.m */,
				BE7367A0172FCFE700B4691C /* CSProductStatsView.h */,
				BE7367A1172FCFE700B4691C /* CSProductStatsView.m */,
				BE6E2F1D17313FF100DCE47E /* CSProductGalleryView.h */,
				BE6E2F1E17313FF100DCE47E /* CSProductGalleryView.m */,
				BE6E2F20173151F500DCE47E /* CSProductGalleryView.xib */,
				BE6E2F2F1731809900DCE47E /* CSTitleBarView.h */,
				BE6E2F301731809900DCE47E /* CSTitleBarView.m */,
				BE6E2F3217329E4B00DCE47E /* CSTabBarView.h */,
				BE6E2F3317329E4B00DCE47E /* CSTabBarView.m */,
				BE6E2F351732AB0100DCE47E /* CSTabBarView.xib */,
				BE6E2F391732D7B300DCE47E /* CSProductSidebarView.h */,
				BE6E2F3A1732D7B300DCE47E /* CSProductSidebarView.m */,
				BE6E2F471733C32300DCE47E /* CSProductSidebarView.xib */,
				BE6E2F3E1733BD1300DCE47E /* CSRetailerLogoView.h */,
				BE6E2F3F1733BD1400DCE47E /* CSRetailerLogoView.m */,
				BE6E2F451733BE2400DCE47E /* CSRetailerLogoView.xib */,
				BE6E2F4B1733EDBC00DCE47E /* UIImageView+CSImageSelection.h */,
				BE6E2F4C1733EDBD00DCE47E /* UIImageView+CSImageSelection.m */,
				BE08AFA817394584007184E0 /* CSPriceView.h */,
				BE08AFA917394584007184E0 /* CSPriceView.m */,
				BE08AFAB17394EB4007184E0 /* CSPriceView.xib */,
				BE08AFAD17396631007184E0 /* CSStockView.h */,
				BE08AFAE17396631007184E0 /* CSStockView.m */,
				BE08AFB017396A05007184E0 /* CSStockView.xib */,
			);
			name = Views;
			sourceTree = "<group>";
		};
		BE3D4E37170DE92000644AD6 /* Controllers */ = {
			isa = PBXGroup;
			children = (
				BE3D4E1F170465AD00644AD6 /* CSRetailerSelectionViewController.h */,
				BE3D4E20170465AD00644AD6 /* CSRetailerSelectionViewController.m */,
				BE3D4E29170C572800644AD6 /* CSHomePageViewController.h */,
				BE3D4E2A170C572800644AD6 /* CSHomePageViewController.m */,
				BE73677B1729614000B4691C /* CSProductDetailViewController.h */,
				BE73677C1729614000B4691C /* CSProductDetailViewController.m */,
				BE34F3D2173AB63100871FC1 /* CSProductGridViewController.h */,
				BE34F3D3173AB63100871FC1 /* CSProductGridViewController.m */,
			);
			name = Controllers;
			sourceTree = "<group>";
		};
		BE7367A7172FD04000B4691C /* Model */ = {
			isa = PBXGroup;
			children = (
				BE7367A3172FD02700B4691C /* CSProductStats.h */,
				BE7367A4172FD02700B4691C /* CSProductStats.m */,
				BE6E2F511733FDAF00DCE47E /* CSPriceContext.h */,
				BE6E2F521733FDAF00DCE47E /* CSPriceContext.m */,
			);
			name = Model;
			sourceTree = "<group>";
		};
		BEDC02DC171454CB0023059E /* Collection Cells */ = {
			isa = PBXGroup;
			children = (
				BE3D4E1A1704632900644AD6 /* CSRetailerSelectionCell.h */,
				BE3D4E1B1704632900644AD6 /* CSRetailerSelectionCell.m */,
				BEDC02DA17144DB10023059E /* CSRetailerSelectionCell.xib */,
				BEDC02DE171455510023059E /* CSProductSummaryCell.h */,
				BEDC02DF171455510023059E /* CSProductSummaryCell.m */,
				BEDC02D5171312BC0023059E /* CSProductSummaryCell.xib */,
			);
			name = "Collection Cells";
			sourceTree = "<group>";
		};
		BEDC02DD171454FA0023059E /* Dashboard Cells */ = {
			isa = PBXGroup;
			children = (
				BE3D4E38170DEA4E00644AD6 /* CSFavoriteStoresCell.h */,
				BE3D4E39170DEA4E00644AD6 /* CSFavoriteStoresCell.m */,
				BEDC02D7171317A80023059E /* CSProductSummariesCell.h */,
				BEDC02D8171317A90023059E /* CSProductSummariesCell.m */,
			);
			name = "Dashboard Cells";
			sourceTree = "<group>";
		};
/* End PBXGroup section */

/* Begin PBXNativeTarget section */
		BE3D4DCC170331AA00644AD6 /* SimplyShop */ = {
			isa = PBXNativeTarget;
			buildConfigurationList = BE3D4DFF170331AA00644AD6 /* Build configuration list for PBXNativeTarget "SimplyShop" */;
			buildPhases = (
				BE3D4DC9170331AA00644AD6 /* Sources */,
				BE3D4DCA170331AA00644AD6 /* Frameworks */,
				BE3D4DCB170331AA00644AD6 /* Resources */,
				DDB3497932724A5198EC33FE /* Copy Pods Resources */,
			);
			buildRules = (
			);
			dependencies = (
			);
			name = SimplyShop;
			productName = SimplyShop;
			productReference = BE3D4DCD170331AA00644AD6 /* Simply Shop.app */;
			productType = "com.apple.product-type.application";
		};
		BE3D4DEC170331AA00644AD6 /* SimplyShopTests */ = {
			isa = PBXNativeTarget;
			buildConfigurationList = BE3D4E02170331AA00644AD6 /* Build configuration list for PBXNativeTarget "SimplyShopTests" */;
			buildPhases = (
				BE3D4DE8170331AA00644AD6 /* Sources */,
				BE3D4DE9170331AA00644AD6 /* Frameworks */,
				BE3D4DEA170331AA00644AD6 /* Resources */,
				BE3D4DEB170331AA00644AD6 /* ShellScript */,
				B1A2BE5387104AF9A89ED1F1 /* Copy Pods Resources */,
			);
			buildRules = (
			);
			dependencies = (
				BEC221F5172FDD19004700E0 /* PBXTargetDependency */,
			);
			name = SimplyShopTests;
			productName = SimplyShopTests;
			productReference = BE3D4DED170331AA00644AD6 /* SimplyShopTests.octest */;
			productType = "com.apple.product-type.bundle";
		};
/* End PBXNativeTarget section */

/* Begin PBXProject section */
		BE3D4DC5170331AA00644AD6 /* Project object */ = {
			isa = PBXProject;
			attributes = {
				CLASSPREFIX = CS;
				LastUpgradeCheck = 0460;
				ORGANIZATIONNAME = "Cogenta Systems Ltd";
			};
			buildConfigurationList = BE3D4DC8170331AA00644AD6 /* Build configuration list for PBXProject "SimplyShop" */;
			compatibilityVersion = "Xcode 3.2";
			developmentRegion = English;
			hasScannedForEncodings = 0;
			knownRegions = (
				en,
			);
			mainGroup = BE3D4DC4170331AA00644AD6;
			productRefGroup = BE3D4DCE170331AA00644AD6 /* Products */;
			projectDirPath = "";
			projectRoot = "";
			targets = (
				BE3D4DCC170331AA00644AD6 /* SimplyShop */,
				BE3D4DEC170331AA00644AD6 /* SimplyShopTests */,
			);
		};
/* End PBXProject section */

/* Begin PBXResourcesBuildPhase section */
		BE3D4DCB170331AA00644AD6 /* Resources */ = {
			isa = PBXResourcesBuildPhase;
			buildActionMask = 2147483647;
			files = (
				BE3D4DDB170331AA00644AD6 /* InfoPlist.strings in Resources */,
				BE3D4DE3170331AA00644AD6 /* Default.png in Resources */,
				BE3D4DE5170331AA00644AD6 /* Default@2x.png in Resources */,
				BE3D4DE7170331AA00644AD6 /* Default-568h@2x.png in Resources */,
				BE3D4E061703361800644AD6 /* Storyboard.storyboard in Resources */,
				BE3D4E1317036D5700644AD6 /* BackButtonNormal@2x.png in Resources */,
				BE3D4E1417036D5700644AD6 /* ButtonNormal@2x.png in Resources */,
				BE3D4E1517036D5700644AD6 /* NavigationBarBackground@2x.png in Resources */,
				BE3D4E1917045F2C00644AD6 /* ButtonDone@2x.png in Resources */,
				BE3D4E1E1704651900644AD6 /* TileBackground@2x.png in Resources */,
				BE3D4E241704A30300644AD6 /* CallToAction@2x.png in Resources */,
				BE3D4E251704A30300644AD6 /* TileBackgroundSelected@2x.png in Resources */,
				BEDC02D6171312BC0023059E /* CSProductSummaryCell.xib in Resources */,
				BEDC02DB17144DB20023059E /* CSRetailerSelectionCell.xib in Resources */,
				BE6BF3FF1725426E004B6D85 /* Icon.png in Resources */,
				BE6BF4011725428C004B6D85 /* Icon@2x.png in Resources */,
				BE736792172E7E6100B4691C /* CSTabArrowView.xib in Resources */,
				BE736795172E867700B4691C /* TabArrow@2x.png in Resources */,
				BE736796172E867700B4691C /* TabUnderline@2x.png in Resources */,
				BE736798172EB65E00B4691C /* CSProductDetailsView.xib in Resources */,
				BE73679D172ED9CC00B4691C /* TabBottom@2x.png in Resources */,
				BE6E2F21173151F500DCE47E /* CSProductGalleryView.xib in Resources */,
				BE6E2F241731542700DCE47E /* GalleryBg@2x.png in Resources */,
				BE6E2F251731542700DCE47E /* GalleryFooter@2x.png in Resources */,
				BE6E2F2B173167EB00DCE47E /* BigX@2x.png in Resources */,
				BE6E2F2C173167EB00DCE47E /* TitleBarBg@2x.png in Resources */,
				BE6E2F361732AB0100DCE47E /* CSTabBarView.xib in Resources */,
				BE6E2F381732B3AF00DCE47E /* SelectedTabBg@2x.png in Resources */,
				BE6E2F3D1732D7DF00DCE47E /* ProductRightBg@2x.png in Resources */,
				BE6E2F461733BE2400DCE47E /* CSRetailerLogoView.xib in Resources */,
				BE6E2F481733C32300DCE47E /* CSProductSidebarView.xib in Resources */,
				BE6E2F4A1733C82300DCE47E /* BigRetailerBackground@2x.png in Resources */,
				BE08AFAC17394EB4007184E0 /* CSPriceView.xib in Resources */,
				BE08AFB117396A05007184E0 /* CSStockView.xib in Resources */,
				BE08AFB417396FF7007184E0 /* InStockBg@2x.png in Resources */,
				BE08AFB517396FF7007184E0 /* NoStockBg@2x.png in Resources */,
				BE34F3CE173A96C600871FC1 /* ButtonBuyNow@2x.png in Resources */,
			);
			runOnlyForDeploymentPostprocessing = 0;
		};
		BE3D4DEA170331AA00644AD6 /* Resources */ = {
			isa = PBXResourcesBuildPhase;
			buildActionMask = 2147483647;
			files = (
				BE3D4DF9170331AA00644AD6 /* InfoPlist.strings in Resources */,
			);
			runOnlyForDeploymentPostprocessing = 0;
		};
/* End PBXResourcesBuildPhase section */

/* Begin PBXShellScriptBuildPhase section */
		B1A2BE5387104AF9A89ED1F1 /* Copy Pods Resources */ = {
			isa = PBXShellScriptBuildPhase;
			buildActionMask = 2147483647;
			files = (
			);
			inputPaths = (
			);
			name = "Copy Pods Resources";
			outputPaths = (
			);
			runOnlyForDeploymentPostprocessing = 0;
			shellPath = /bin/sh;
			shellScript = "\"${SRCROOT}/Pods/Pods-test-resources.sh\"\n";
		};
		BE3D4DEB170331AA00644AD6 /* ShellScript */ = {
			isa = PBXShellScriptBuildPhase;
			buildActionMask = 2147483647;
			files = (
			);
			inputPaths = (
			);
			outputPaths = (
			);
			runOnlyForDeploymentPostprocessing = 0;
			shellPath = /bin/sh;
			shellScript = "# Run the unit tests in this test bundle.\n\"${SYSTEM_DEVELOPER_DIR}/Tools/RunUnitTests\"\n";
		};
		DDB3497932724A5198EC33FE /* Copy Pods Resources */ = {
			isa = PBXShellScriptBuildPhase;
			buildActionMask = 2147483647;
			files = (
			);
			inputPaths = (
			);
			name = "Copy Pods Resources";
			outputPaths = (
			);
			runOnlyForDeploymentPostprocessing = 0;
			shellPath = /bin/sh;
			shellScript = "\"${SRCROOT}/Pods/Pods-resources.sh\"\n";
		};
/* End PBXShellScriptBuildPhase section */

/* Begin PBXSourcesBuildPhase section */
		BE3D4DC9170331AA00644AD6 /* Sources */ = {
			isa = PBXSourcesBuildPhase;
			buildActionMask = 2147483647;
			files = (
				BE3D4DDD170331AA00644AD6 /* main.m in Sources */,
				BE3D4DE1170331AA00644AD6 /* CSAppDelegate.m in Sources */,
				BE3D4E0E170339E900644AD6 /* CSSimplyShopTheme.m in Sources */,
				BE3D4E1C1704632900644AD6 /* CSRetailerSelectionCell.m in Sources */,
				BE3D4E21170465AD00644AD6 /* CSRetailerSelectionViewController.m in Sources */,
				BE3D4E281704B5A600644AD6 /* CSCTAButton.m in Sources */,
				BE3D4E2B170C572800644AD6 /* CSHomePageViewController.m in Sources */,
				BE3D4E35170DDF9100644AD6 /* CSAppearanceButton.m in Sources */,
				BE3D4E3A170DEA4E00644AD6 /* CSFavoriteStoresCell.m in Sources */,
				BEA6DA3A170EE8C6001AC881 /* CSRoundImageView.m in Sources */,
				BEDC02D9171317A90023059E /* CSProductSummariesCell.m in Sources */,
				BEDC02E0171455510023059E /* CSProductSummaryCell.m in Sources */,
				BE73677D1729614000B4691C /* CSProductDetailViewController.m in Sources */,
				BE73678A172A7E5E00B4691C /* CSProductDetailsView.m in Sources */,
				BE736790172E7E3700B4691C /* CSTabArrowView.m in Sources */,
				BE73679B172ED79400B4691C /* CSTabFooterView.m in Sources */,
				BE7367A2172FCFE800B4691C /* CSProductStatsView.m in Sources */,
				BE7367A5172FD02700B4691C /* CSProductStats.m in Sources */,
				BE6E2F1F17313FF100DCE47E /* CSProductGalleryView.m in Sources */,
				BE6E2F311731809900DCE47E /* CSTitleBarView.m in Sources */,
				BE6E2F3417329E4B00DCE47E /* CSTabBarView.m in Sources */,
				BE6E2F3B1732D7B300DCE47E /* CSProductSidebarView.m in Sources */,
				BE6E2F401733BD1400DCE47E /* CSRetailerLogoView.m in Sources */,
				BE6E2F4D1733EDBD00DCE47E /* UIImageView+CSImageSelection.m in Sources */,
				BE6E2F531733FDAF00DCE47E /* CSPriceContext.m in Sources */,
				BE08AFAA17394584007184E0 /* CSPriceView.m in Sources */,
				BE08AFAF17396631007184E0 /* CSStockView.m in Sources */,
				BE34F3D4173AB63100871FC1 /* CSProductGridViewController.m in Sources */,
			);
			runOnlyForDeploymentPostprocessing = 0;
		};
		BE3D4DE8170331AA00644AD6 /* Sources */ = {
			isa = PBXSourcesBuildPhase;
			buildActionMask = 2147483647;
			files = (
				BE7367AA172FD0E700B4691C /* CSProductStatsTests.m in Sources */,
				BE6E2F501733FD7600DCE47E /* CSPriceContextTests.m in Sources */,
			);
			runOnlyForDeploymentPostprocessing = 0;
		};
/* End PBXSourcesBuildPhase section */

/* Begin PBXTargetDependency section */
		BEC221F5172FDD19004700E0 /* PBXTargetDependency */ = {
			isa = PBXTargetDependency;
			target = BE3D4DCC170331AA00644AD6 /* SimplyShop */;
			targetProxy = BEC221F4172FDD19004700E0 /* PBXContainerItemProxy */;
		};
/* End PBXTargetDependency section */

/* Begin PBXVariantGroup section */
		BE3D4DD9170331AA00644AD6 /* InfoPlist.strings */ = {
			isa = PBXVariantGroup;
			children = (
				BE3D4DDA170331AA00644AD6 /* en */,
			);
			name = InfoPlist.strings;
			sourceTree = "<group>";
		};
		BE3D4DF7170331AA00644AD6 /* InfoPlist.strings */ = {
			isa = PBXVariantGroup;
			children = (
				BE3D4DF8170331AA00644AD6 /* en */,
			);
			name = InfoPlist.strings;
			sourceTree = "<group>";
		};
/* End PBXVariantGroup section */

/* Begin XCBuildConfiguration section */
		BE3D4DFD170331AA00644AD6 /* Debug */ = {
			isa = XCBuildConfiguration;
			buildSettings = {
				ALWAYS_SEARCH_USER_PATHS = NO;
				CLANG_CXX_LANGUAGE_STANDARD = "gnu++0x";
				CLANG_CXX_LIBRARY = "libc++";
				CLANG_ENABLE_OBJC_ARC = YES;
				CLANG_WARN_CONSTANT_CONVERSION = YES;
				CLANG_WARN_EMPTY_BODY = YES;
				CLANG_WARN_ENUM_CONVERSION = YES;
				CLANG_WARN_INT_CONVERSION = YES;
				CLANG_WARN__DUPLICATE_METHOD_MATCH = YES;
				CODE_SIGN_IDENTITY = "iPhone Developer";
				"CODE_SIGN_IDENTITY[sdk=iphoneos*]" = "iPhone Developer";
				COPY_PHASE_STRIP = NO;
				GCC_C_LANGUAGE_STANDARD = gnu99;
				GCC_DYNAMIC_NO_PIC = NO;
				GCC_OPTIMIZATION_LEVEL = 0;
				GCC_PREPROCESSOR_DEFINITIONS = (
					"DEBUG=1",
					"$(inherited)",
				);
				GCC_SYMBOLS_PRIVATE_EXTERN = NO;
				GCC_WARN_ABOUT_RETURN_TYPE = YES;
				GCC_WARN_UNINITIALIZED_AUTOS = YES;
				GCC_WARN_UNUSED_VARIABLE = YES;
				IPHONEOS_DEPLOYMENT_TARGET = 6.1;
				ONLY_ACTIVE_ARCH = YES;
				PROVISIONING_PROFILE = "";
				SDKROOT = iphoneos;
				TARGETED_DEVICE_FAMILY = 2;
			};
			name = Debug;
		};
		BE3D4DFE170331AA00644AD6 /* Release */ = {
			isa = XCBuildConfiguration;
			buildSettings = {
				ALWAYS_SEARCH_USER_PATHS = NO;
				CLANG_CXX_LANGUAGE_STANDARD = "gnu++0x";
				CLANG_CXX_LIBRARY = "libc++";
				CLANG_ENABLE_OBJC_ARC = YES;
				CLANG_WARN_CONSTANT_CONVERSION = YES;
				CLANG_WARN_EMPTY_BODY = YES;
				CLANG_WARN_ENUM_CONVERSION = YES;
				CLANG_WARN_INT_CONVERSION = YES;
				CLANG_WARN__DUPLICATE_METHOD_MATCH = YES;
				CODE_SIGN_IDENTITY = "iPhone Distribution";
				"CODE_SIGN_IDENTITY[sdk=iphoneos*]" = "iPhone Distribution";
				COPY_PHASE_STRIP = YES;
				GCC_C_LANGUAGE_STANDARD = gnu99;
				GCC_WARN_ABOUT_RETURN_TYPE = YES;
				GCC_WARN_UNINITIALIZED_AUTOS = YES;
				GCC_WARN_UNUSED_VARIABLE = YES;
				IPHONEOS_DEPLOYMENT_TARGET = 6.1;
				OTHER_CFLAGS = "-DNS_BLOCK_ASSERTIONS=1";
				PROVISIONING_PROFILE = "";
				"PROVISIONING_PROFILE[sdk=iphoneos*]" = "";
				SDKROOT = iphoneos;
				TARGETED_DEVICE_FAMILY = 2;
				VALIDATE_PRODUCT = YES;
			};
			name = Release;
		};
		BE3D4E00170331AA00644AD6 /* Debug */ = {
			isa = XCBuildConfiguration;
			baseConfigurationReference = C59BE071388B42FB9540159A /* Pods.xcconfig */;
			buildSettings = {
				GCC_PRECOMPILE_PREFIX_HEADER = YES;
				GCC_PREFIX_HEADER = "SimplyShop/SimplyShop-Prefix.pch";
				INFOPLIST_FILE = "SimplyShop/SimplyShop-Info.plist";
				PRODUCT_NAME = "Simply Shop";
				WRAPPER_EXTENSION = app;
			};
			name = Debug;
		};
		BE3D4E01170331AA00644AD6 /* Release */ = {
			isa = XCBuildConfiguration;
			baseConfigurationReference = C59BE071388B42FB9540159A /* Pods.xcconfig */;
			buildSettings = {
				GCC_PRECOMPILE_PREFIX_HEADER = YES;
				GCC_PREFIX_HEADER = "SimplyShop/SimplyShop-Prefix.pch";
				GCC_SYMBOLS_PRIVATE_EXTERN = YES;
				INFOPLIST_FILE = "SimplyShop/SimplyShop-Info.plist";
				PRODUCT_NAME = "Simply Shop";
				WRAPPER_EXTENSION = app;
			};
			name = Release;
		};
		BE3D4E03170331AA00644AD6 /* Debug */ = {
			isa = XCBuildConfiguration;
			baseConfigurationReference = 556CD3EBC7A04BBBA707A657 /* Pods-test.xcconfig */;
			buildSettings = {
				BUNDLE_LOADER = "$(BUILT_PRODUCTS_DIR)/Simply Shop.app/Simply Shop";
				FRAMEWORK_SEARCH_PATHS = (
					"\"$(SDKROOT)/Developer/Library/Frameworks\"",
					"\"$(DEVELOPER_LIBRARY_DIR)/Frameworks\"",
				);
				GCC_PRECOMPILE_PREFIX_HEADER = YES;
				GCC_PREFIX_HEADER = "SimplyShop/SimplyShop-Prefix.pch";
				INFOPLIST_FILE = "SimplyShopTests/SimplyShopTests-Info.plist";
				PRODUCT_NAME = "$(TARGET_NAME)";
				TEST_HOST = "$(BUNDLE_LOADER)";
				WRAPPER_EXTENSION = octest;
			};
			name = Debug;
		};
		BE3D4E04170331AA00644AD6 /* Release */ = {
			isa = XCBuildConfiguration;
			baseConfigurationReference = 556CD3EBC7A04BBBA707A657 /* Pods-test.xcconfig */;
			buildSettings = {
				BUNDLE_LOADER = "$(BUILT_PRODUCTS_DIR)/Simply Shop.app/Simply Shop";
				FRAMEWORK_SEARCH_PATHS = (
					"\"$(SDKROOT)/Developer/Library/Frameworks\"",
					"\"$(DEVELOPER_LIBRARY_DIR)/Frameworks\"",
				);
				GCC_PRECOMPILE_PREFIX_HEADER = YES;
				GCC_PREFIX_HEADER = "SimplyShop/SimplyShop-Prefix.pch";
				INFOPLIST_FILE = "SimplyShopTests/SimplyShopTests-Info.plist";
				PRODUCT_NAME = "$(TARGET_NAME)";
				TEST_HOST = "$(BUNDLE_LOADER)";
				WRAPPER_EXTENSION = octest;
			};
			name = Release;
		};
/* End XCBuildConfiguration section */

/* Begin XCConfigurationList section */
		BE3D4DC8170331AA00644AD6 /* Build configuration list for PBXProject "SimplyShop" */ = {
			isa = XCConfigurationList;
			buildConfigurations = (
				BE3D4DFD170331AA00644AD6 /* Debug */,
				BE3D4DFE170331AA00644AD6 /* Release */,
			);
			defaultConfigurationIsVisible = 0;
			defaultConfigurationName = Release;
		};
		BE3D4DFF170331AA00644AD6 /* Build configuration list for PBXNativeTarget "SimplyShop" */ = {
			isa = XCConfigurationList;
			buildConfigurations = (
				BE3D4E00170331AA00644AD6 /* Debug */,
				BE3D4E01170331AA00644AD6 /* Release */,
			);
			defaultConfigurationIsVisible = 0;
			defaultConfigurationName = Release;
		};
		BE3D4E02170331AA00644AD6 /* Build configuration list for PBXNativeTarget "SimplyShopTests" */ = {
			isa = XCConfigurationList;
			buildConfigurations = (
				BE3D4E03170331AA00644AD6 /* Debug */,
				BE3D4E04170331AA00644AD6 /* Release */,
			);
			defaultConfigurationIsVisible = 0;
			defaultConfigurationName = Release;
		};
/* End XCConfigurationList section */
	};
	rootObject = BE3D4DC5170331AA00644AD6 /* Project object */;
}
